
Microsoft Visual Studio Solution File, Format Version 12.00
# Visual Studio 15
VisualStudioVersion = 15.0.27703.2035
MinimumVisualStudioVersion = 10.0.40219.1
Project("{9A19103F-16F7-4668-BE54-9A1E7A4F7556}") = "Confuser.Core", "Confuser.Core\Confuser.Core.csproj", "{BEB67A6E-4C54-4DE5-8C6B-2C12F44A7B92}"
EndProject
Project("{9A19103F-16F7-4668-BE54-9A1E7A4F7556}") = "Confuser.Protections", "Confuser.Protections\Confuser.Protections.csproj", "{3EAB01B5-9B49-48D8-BFA1-5493B26CCB71}"
EndProject
Project("{FAE04EC0-301F-11D3-BF4B-00C04F79EFBC}") = "Confuser.CLI", "Confuser.CLI\Confuser.CLI.csproj", "{CE61ADEE-C032-43EC-ACD8-E4A742F894A3}"
EndProject
Project("{9A19103F-16F7-4668-BE54-9A1E7A4F7556}") = "Confuser.Renamer", "Confuser.Renamer\Confuser.Renamer.csproj", "{862DA0DA-52E1-47CD-B9C2-46B106031B28}"
EndProject
Project("{9A19103F-16F7-4668-BE54-9A1E7A4F7556}") = "Confuser.DynCipher", "Confuser.DynCipher\Confuser.DynCipher.csproj", "{E832E9B8-2158-4FC0-89A1-56C6ECC10F6B}"
EndProject
Project("{FAE04EC0-301F-11D3-BF4B-00C04F79EFBC}") = "ConfuserEx", "ConfuserEx\ConfuserEx.csproj", "{B5205EBA-EC32-4C53-86A0-FAEEE7393EC0}"
EndProject
Project("{9A19103F-16F7-4668-BE54-9A1E7A4F7556}") = "dnlib.netstandard", "dnlib\src\dnlib.netstandard.csproj", "{8AF54053-37AA-4D06-90A8-CCEFDFDF902F}"
EndProject
Project("{2150E333-8FDC-42A3-9474-1A3956D46DE8}") = "Tests", "Tests", "{356BDB31-853E-43BB-8F9A-D8AC08F69EBB}"
	ProjectSection(SolutionItems) = preProject
		Tests\ConfuserEx.Test.targets = Tests\ConfuserEx.Test.targets
	EndProjectSection
EndProject
Project("{9A19103F-16F7-4668-BE54-9A1E7A4F7556}") = "CompressorWithResx", "Tests\CompressorWithResx\CompressorWithResx.csproj", "{32223BE8-3E78-489C-92ED-7900B26DFF43}"
EndProject
Project("{9A19103F-16F7-4668-BE54-9A1E7A4F7556}") = "CompressorWithResx.Test", "Tests\CompressorWithResx.Test\CompressorWithResx.Test.csproj", "{32CE1CB1-B7D9-416F-8EFE-6A0055867537}"
EndProject
Project("{2150E333-8FDC-42A3-9474-1A3956D46DE8}") = "Solution Items", "Solution Items", "{B26E932E-3EEB-41A4-9EDF-B02CAFA43DF4}"
	ProjectSection(SolutionItems) = preProject
		.editorconfig = .editorconfig
		appveyor.yml = appveyor.yml
		global.json = global.json
		LICENSE.md = LICENSE.md
		README.md = README.md
	EndProjectSection
EndProject
Project("{9A19103F-16F7-4668-BE54-9A1E7A4F7556}") = "Confuser.Core.Exports", "Confuser.Core.Exports\Confuser.Core.Exports.csproj", "{1508B4CD-F272-4EEF-AB49-21F1C3661E69}"
EndProject
Project("{9A19103F-16F7-4668-BE54-9A1E7A4F7556}") = "Confuser.Utilities", "Confuser.Utilities\Confuser.Utilities.csproj", "{DEA3D825-38DA-4FBB-9CAF-D58316854D7E}"
EndProject
Project("{9A19103F-16F7-4668-BE54-9A1E7A4F7556}") = "Confuser.Renamer.Exports", "Confuser.Renamer.Exports\Confuser.Renamer.Exports.csproj", "{18759555-5A63-4826-AD37-51DDB12973A7}"
EndProject
Project("{9A19103F-16F7-4668-BE54-9A1E7A4F7556}") = "Confuser.Protections.Exports", "Confuser.Protections.Exports\Confuser.Protections.Exports.csproj", "{03627089-A2AB-40E4-B22F-2262BED6753E}"
EndProject
Project("{9A19103F-16F7-4668-BE54-9A1E7A4F7556}") = "Confuser.UnitTest", "Tests\Confuser.UnitTest\Confuser.UnitTest.csproj", "{73226E13-1701-424E-A4F2-3E4D575A1DD0}"
EndProject
Project("{9A19103F-16F7-4668-BE54-9A1E7A4F7556}") = "AntiProtections", "Tests\AntiProtections\AntiProtections.csproj", "{6A2BA6F7-3399-4890-9453-2D5BE8EEBBA9}"
EndProject
Project("{9A19103F-16F7-4668-BE54-9A1E7A4F7556}") = "AntiProtections.Test", "Tests\AntiProtections.Test\AntiProtections.Test.csproj", "{3F5558BD-7B94-4CB0-A46C-A7252B5BCA17}"
EndProject
Project("{9A19103F-16F7-4668-BE54-9A1E7A4F7556}") = "Confuser.MSBuild.Tasks", "Confuser.MSBuild.Tasks\Confuser.MSBuild.Tasks.csproj", "{91B12706-DC6A-45DE-97F1-FAF0901FF6AF}"
EndProject
Project("{9A19103F-16F7-4668-BE54-9A1E7A4F7556}") = "WpfRenaming", "Tests\WpfRenaming\WpfRenaming.csproj", "{BA9D2748-1342-41A3-87F2-343E82D99813}"
EndProject
Project("{9A19103F-16F7-4668-BE54-9A1E7A4F7556}") = "WpfRenaming.Test", "Tests\WpfRenaming.Test\WpfRenaming.Test.csproj", "{30B8883F-A0A2-4256-ADCF-A790525D3696}"
EndProject
Project("{9A19103F-16F7-4668-BE54-9A1E7A4F7556}") = "Confuser.Helpers", "Confuser.Helpers\Confuser.Helpers.csproj", "{8E3797E3-5BB7-473E-A4F7-F2020EC3BEDD}"
EndProject
Project("{9A19103F-16F7-4668-BE54-9A1E7A4F7556}") = "RefProxyProtection", "Tests\RefProxyProtection\RefProxyProtection.csproj", "{22516193-DE4E-49E3-AFC8-4474D8297C18}"
EndProject
Project("{9A19103F-16F7-4668-BE54-9A1E7A4F7556}") = "RefProxyProtection.Test", "Tests\RefProxyProtection.Test\RefProxyProtection.Test.csproj", "{C0D817F3-9B8E-48D2-A34E-9FDC426CBAC6}"
EndProject
Project("{9A19103F-16F7-4668-BE54-9A1E7A4F7556}") = "ConstantProtection", "Tests\ConstantProtection\ConstantProtection.csproj", "{A046FE3C-7C58-4421-A321-808407120FAC}"
EndProject
Project("{9A19103F-16F7-4668-BE54-9A1E7A4F7556}") = "ConstantProtection.Test", "Tests\ConstantProtection.Test\ConstantProtection.Test.csproj", "{E16E2B11-5BE9-4CA8-9EAC-043EB26B7AB3}"
EndProject
Project("{9A19103F-16F7-4668-BE54-9A1E7A4F7556}") = "Confuser.Core.Runtime", "Confuser.Core.Runtime\Confuser.Core.Runtime.csproj", "{E2ADCFC4-8505-4EFC-9A7D-54BA491B8AD3}"
EndProject
Project("{9A19103F-16F7-4668-BE54-9A1E7A4F7556}") = "Confuser.Protections.Runtime", "Confuser.Protections.Runtime\Confuser.Protections.Runtime.csproj", "{6DC546B6-3618-4447-AD48-875624EDF47C}"
EndProject
Project("{9A19103F-16F7-4668-BE54-9A1E7A4F7556}") = "Confuser.Helpers.Runtime", "Confuser.Helpers.Runtime\Confuser.Helpers.Runtime.csproj", "{075579B3-1C11-419F-AE69-A6899F6E2F1A}"
EndProject
Project("{2150E333-8FDC-42A3-9474-1A3956D46DE8}") = "MSBuild", "MSBuild", "{3BC0BDD7-9843-4305-A785-1F22A31FE872}"
	ProjectSection(SolutionItems) = preProject
		ConfuserEx.Common.props = ConfuserEx.Common.props
		ConfuserEx.Common.targets = ConfuserEx.Common.targets
	EndProjectSection
EndProject
Global
	GlobalSection(SolutionConfigurationPlatforms) = preSolution
		Debug|Any CPU = Debug|Any CPU
		Release|Any CPU = Release|Any CPU
	EndGlobalSection
	GlobalSection(ProjectConfigurationPlatforms) = postSolution
		{BEB67A6E-4C54-4DE5-8C6B-2C12F44A7B92}.Debug|Any CPU.ActiveCfg = Debug|Any CPU
		{BEB67A6E-4C54-4DE5-8C6B-2C12F44A7B92}.Debug|Any CPU.Build.0 = Debug|Any CPU
		{BEB67A6E-4C54-4DE5-8C6B-2C12F44A7B92}.Release|Any CPU.ActiveCfg = Release|Any CPU
		{BEB67A6E-4C54-4DE5-8C6B-2C12F44A7B92}.Release|Any CPU.Build.0 = Release|Any CPU
		{3EAB01B5-9B49-48D8-BFA1-5493B26CCB71}.Debug|Any CPU.ActiveCfg = Debug|Any CPU
		{3EAB01B5-9B49-48D8-BFA1-5493B26CCB71}.Debug|Any CPU.Build.0 = Debug|Any CPU
		{3EAB01B5-9B49-48D8-BFA1-5493B26CCB71}.Release|Any CPU.ActiveCfg = Release|Any CPU
		{3EAB01B5-9B49-48D8-BFA1-5493B26CCB71}.Release|Any CPU.Build.0 = Release|Any CPU
		{CE61ADEE-C032-43EC-ACD8-E4A742F894A3}.Debug|Any CPU.ActiveCfg = Debug|Any CPU
		{CE61ADEE-C032-43EC-ACD8-E4A742F894A3}.Debug|Any CPU.Build.0 = Debug|Any CPU
		{CE61ADEE-C032-43EC-ACD8-E4A742F894A3}.Release|Any CPU.ActiveCfg = Release|Any CPU
		{CE61ADEE-C032-43EC-ACD8-E4A742F894A3}.Release|Any CPU.Build.0 = Release|Any CPU
		{862DA0DA-52E1-47CD-B9C2-46B106031B28}.Debug|Any CPU.ActiveCfg = Debug|Any CPU
		{862DA0DA-52E1-47CD-B9C2-46B106031B28}.Debug|Any CPU.Build.0 = Debug|Any CPU
		{862DA0DA-52E1-47CD-B9C2-46B106031B28}.Release|Any CPU.ActiveCfg = Release|Any CPU
		{862DA0DA-52E1-47CD-B9C2-46B106031B28}.Release|Any CPU.Build.0 = Release|Any CPU
		{E832E9B8-2158-4FC0-89A1-56C6ECC10F6B}.Debug|Any CPU.ActiveCfg = Debug|Any CPU
		{E832E9B8-2158-4FC0-89A1-56C6ECC10F6B}.Debug|Any CPU.Build.0 = Debug|Any CPU
		{E832E9B8-2158-4FC0-89A1-56C6ECC10F6B}.Release|Any CPU.ActiveCfg = Release|Any CPU
		{E832E9B8-2158-4FC0-89A1-56C6ECC10F6B}.Release|Any CPU.Build.0 = Release|Any CPU
		{B5205EBA-EC32-4C53-86A0-FAEEE7393EC0}.Debug|Any CPU.ActiveCfg = Debug|Any CPU
		{B5205EBA-EC32-4C53-86A0-FAEEE7393EC0}.Debug|Any CPU.Build.0 = Debug|Any CPU
		{B5205EBA-EC32-4C53-86A0-FAEEE7393EC0}.Release|Any CPU.ActiveCfg = Release|Any CPU
		{B5205EBA-EC32-4C53-86A0-FAEEE7393EC0}.Release|Any CPU.Build.0 = Release|Any CPU
		{8AF54053-37AA-4D06-90A8-CCEFDFDF902F}.Debug|Any CPU.ActiveCfg = Debug|Any CPU
		{8AF54053-37AA-4D06-90A8-CCEFDFDF902F}.Debug|Any CPU.Build.0 = Debug|Any CPU
		{8AF54053-37AA-4D06-90A8-CCEFDFDF902F}.Release|Any CPU.ActiveCfg = Release|Any CPU
		{8AF54053-37AA-4D06-90A8-CCEFDFDF902F}.Release|Any CPU.Build.0 = Release|Any CPU
		{32223BE8-3E78-489C-92ED-7900B26DFF43}.Debug|Any CPU.ActiveCfg = Debug|Any CPU
		{32223BE8-3E78-489C-92ED-7900B26DFF43}.Debug|Any CPU.Build.0 = Debug|Any CPU
		{32223BE8-3E78-489C-92ED-7900B26DFF43}.Release|Any CPU.ActiveCfg = Release|Any CPU
		{32223BE8-3E78-489C-92ED-7900B26DFF43}.Release|Any CPU.Build.0 = Release|Any CPU
		{32CE1CB1-B7D9-416F-8EFE-6A0055867537}.Debug|Any CPU.ActiveCfg = Debug|Any CPU
		{32CE1CB1-B7D9-416F-8EFE-6A0055867537}.Debug|Any CPU.Build.0 = Debug|Any CPU
		{32CE1CB1-B7D9-416F-8EFE-6A0055867537}.Release|Any CPU.ActiveCfg = Release|Any CPU
		{32CE1CB1-B7D9-416F-8EFE-6A0055867537}.Release|Any CPU.Build.0 = Release|Any CPU
		{1508B4CD-F272-4EEF-AB49-21F1C3661E69}.Debug|Any CPU.ActiveCfg = Debug|Any CPU
		{1508B4CD-F272-4EEF-AB49-21F1C3661E69}.Debug|Any CPU.Build.0 = Debug|Any CPU
		{1508B4CD-F272-4EEF-AB49-21F1C3661E69}.Release|Any CPU.ActiveCfg = Release|Any CPU
		{1508B4CD-F272-4EEF-AB49-21F1C3661E69}.Release|Any CPU.Build.0 = Release|Any CPU
		{DEA3D825-38DA-4FBB-9CAF-D58316854D7E}.Debug|Any CPU.ActiveCfg = Debug|Any CPU
		{DEA3D825-38DA-4FBB-9CAF-D58316854D7E}.Debug|Any CPU.Build.0 = Debug|Any CPU
		{DEA3D825-38DA-4FBB-9CAF-D58316854D7E}.Release|Any CPU.ActiveCfg = Release|Any CPU
		{DEA3D825-38DA-4FBB-9CAF-D58316854D7E}.Release|Any CPU.Build.0 = Release|Any CPU
		{18759555-5A63-4826-AD37-51DDB12973A7}.Debug|Any CPU.ActiveCfg = Debug|Any CPU
		{18759555-5A63-4826-AD37-51DDB12973A7}.Debug|Any CPU.Build.0 = Debug|Any CPU
		{18759555-5A63-4826-AD37-51DDB12973A7}.Release|Any CPU.ActiveCfg = Release|Any CPU
		{18759555-5A63-4826-AD37-51DDB12973A7}.Release|Any CPU.Build.0 = Release|Any CPU
		{03627089-A2AB-40E4-B22F-2262BED6753E}.Debug|Any CPU.ActiveCfg = Debug|Any CPU
		{03627089-A2AB-40E4-B22F-2262BED6753E}.Debug|Any CPU.Build.0 = Debug|Any CPU
		{03627089-A2AB-40E4-B22F-2262BED6753E}.Release|Any CPU.ActiveCfg = Release|Any CPU
		{03627089-A2AB-40E4-B22F-2262BED6753E}.Release|Any CPU.Build.0 = Release|Any CPU
		{73226E13-1701-424E-A4F2-3E4D575A1DD0}.Debug|Any CPU.ActiveCfg = Debug|Any CPU
		{73226E13-1701-424E-A4F2-3E4D575A1DD0}.Debug|Any CPU.Build.0 = Debug|Any CPU
		{73226E13-1701-424E-A4F2-3E4D575A1DD0}.Release|Any CPU.ActiveCfg = Release|Any CPU
		{73226E13-1701-424E-A4F2-3E4D575A1DD0}.Release|Any CPU.Build.0 = Release|Any CPU
		{6A2BA6F7-3399-4890-9453-2D5BE8EEBBA9}.Debug|Any CPU.ActiveCfg = Debug|Any CPU
		{6A2BA6F7-3399-4890-9453-2D5BE8EEBBA9}.Debug|Any CPU.Build.0 = Debug|Any CPU
		{6A2BA6F7-3399-4890-9453-2D5BE8EEBBA9}.Release|Any CPU.ActiveCfg = Release|Any CPU
		{6A2BA6F7-3399-4890-9453-2D5BE8EEBBA9}.Release|Any CPU.Build.0 = Release|Any CPU
		{3F5558BD-7B94-4CB0-A46C-A7252B5BCA17}.Debug|Any CPU.ActiveCfg = Debug|Any CPU
		{3F5558BD-7B94-4CB0-A46C-A7252B5BCA17}.Debug|Any CPU.Build.0 = Debug|Any CPU
		{3F5558BD-7B94-4CB0-A46C-A7252B5BCA17}.Release|Any CPU.ActiveCfg = Release|Any CPU
		{3F5558BD-7B94-4CB0-A46C-A7252B5BCA17}.Release|Any CPU.Build.0 = Release|Any CPU
		{91B12706-DC6A-45DE-97F1-FAF0901FF6AF}.Debug|Any CPU.ActiveCfg = Debug|Any CPU
		{91B12706-DC6A-45DE-97F1-FAF0901FF6AF}.Debug|Any CPU.Build.0 = Debug|Any CPU
		{91B12706-DC6A-45DE-97F1-FAF0901FF6AF}.Release|Any CPU.ActiveCfg = Release|Any CPU
		{91B12706-DC6A-45DE-97F1-FAF0901FF6AF}.Release|Any CPU.Build.0 = Release|Any CPU
		{BA9D2748-1342-41A3-87F2-343E82D99813}.Debug|Any CPU.ActiveCfg = Debug|Any CPU
		{BA9D2748-1342-41A3-87F2-343E82D99813}.Debug|Any CPU.Build.0 = Debug|Any CPU
		{BA9D2748-1342-41A3-87F2-343E82D99813}.Release|Any CPU.ActiveCfg = Release|Any CPU
		{BA9D2748-1342-41A3-87F2-343E82D99813}.Release|Any CPU.Build.0 = Release|Any CPU
		{30B8883F-A0A2-4256-ADCF-A790525D3696}.Debug|Any CPU.ActiveCfg = Debug|Any CPU
		{30B8883F-A0A2-4256-ADCF-A790525D3696}.Debug|Any CPU.Build.0 = Debug|Any CPU
		{30B8883F-A0A2-4256-ADCF-A790525D3696}.Release|Any CPU.ActiveCfg = Release|Any CPU
		{30B8883F-A0A2-4256-ADCF-A790525D3696}.Release|Any CPU.Build.0 = Release|Any CPU
		{8E3797E3-5BB7-473E-A4F7-F2020EC3BEDD}.Debug|Any CPU.ActiveCfg = Debug|Any CPU
		{8E3797E3-5BB7-473E-A4F7-F2020EC3BEDD}.Debug|Any CPU.Build.0 = Debug|Any CPU
		{8E3797E3-5BB7-473E-A4F7-F2020EC3BEDD}.Release|Any CPU.ActiveCfg = Release|Any CPU
		{8E3797E3-5BB7-473E-A4F7-F2020EC3BEDD}.Release|Any CPU.Build.0 = Release|Any CPU
		{22516193-DE4E-49E3-AFC8-4474D8297C18}.Debug|Any CPU.ActiveCfg = Debug|Any CPU
		{22516193-DE4E-49E3-AFC8-4474D8297C18}.Debug|Any CPU.Build.0 = Debug|Any CPU
		{22516193-DE4E-49E3-AFC8-4474D8297C18}.Release|Any CPU.ActiveCfg = Release|Any CPU
		{22516193-DE4E-49E3-AFC8-4474D8297C18}.Release|Any CPU.Build.0 = Release|Any CPU
		{C0D817F3-9B8E-48D2-A34E-9FDC426CBAC6}.Debug|Any CPU.ActiveCfg = Debug|Any CPU
		{C0D817F3-9B8E-48D2-A34E-9FDC426CBAC6}.Debug|Any CPU.Build.0 = Debug|Any CPU
		{C0D817F3-9B8E-48D2-A34E-9FDC426CBAC6}.Release|Any CPU.ActiveCfg = Release|Any CPU
		{C0D817F3-9B8E-48D2-A34E-9FDC426CBAC6}.Release|Any CPU.Build.0 = Release|Any CPU
		{A046FE3C-7C58-4421-A321-808407120FAC}.Debug|Any CPU.ActiveCfg = Debug|Any CPU
		{A046FE3C-7C58-4421-A321-808407120FAC}.Debug|Any CPU.Build.0 = Debug|Any CPU
		{A046FE3C-7C58-4421-A321-808407120FAC}.Release|Any CPU.ActiveCfg = Release|Any CPU
		{A046FE3C-7C58-4421-A321-808407120FAC}.Release|Any CPU.Build.0 = Release|Any CPU
		{E16E2B11-5BE9-4CA8-9EAC-043EB26B7AB3}.Debug|Any CPU.ActiveCfg = Debug|Any CPU
		{E16E2B11-5BE9-4CA8-9EAC-043EB26B7AB3}.Debug|Any CPU.Build.0 = Debug|Any CPU
		{E16E2B11-5BE9-4CA8-9EAC-043EB26B7AB3}.Release|Any CPU.ActiveCfg = Release|Any CPU
		{E16E2B11-5BE9-4CA8-9EAC-043EB26B7AB3}.Release|Any CPU.Build.0 = Release|Any CPU
		{E2ADCFC4-8505-4EFC-9A7D-54BA491B8AD3}.Debug|Any CPU.ActiveCfg = Debug|Any CPU
		{E2ADCFC4-8505-4EFC-9A7D-54BA491B8AD3}.Debug|Any CPU.Build.0 = Debug|Any CPU
		{E2ADCFC4-8505-4EFC-9A7D-54BA491B8AD3}.Release|Any CPU.ActiveCfg = Release|Any CPU
		{E2ADCFC4-8505-4EFC-9A7D-54BA491B8AD3}.Release|Any CPU.Build.0 = Release|Any CPU
		{6DC546B6-3618-4447-AD48-875624EDF47C}.Debug|Any CPU.ActiveCfg = Debug|Any CPU
		{6DC546B6-3618-4447-AD48-875624EDF47C}.Debug|Any CPU.Build.0 = Debug|Any CPU
		{6DC546B6-3618-4447-AD48-875624EDF47C}.Release|Any CPU.ActiveCfg = Release|Any CPU
		{6DC546B6-3618-4447-AD48-875624EDF47C}.Release|Any CPU.Build.0 = Release|Any CPU
		{075579B3-1C11-419F-AE69-A6899F6E2F1A}.Debug|Any CPU.ActiveCfg = Debug|Any CPU
		{075579B3-1C11-419F-AE69-A6899F6E2F1A}.Debug|Any CPU.Build.0 = Debug|Any CPU
		{075579B3-1C11-419F-AE69-A6899F6E2F1A}.Release|Any CPU.ActiveCfg = Release|Any CPU
		{075579B3-1C11-419F-AE69-A6899F6E2F1A}.Release|Any CPU.Build.0 = Release|Any CPU
	EndGlobalSection
	GlobalSection(SolutionProperties) = preSolution
		HideSolutionNode = FALSE
	EndGlobalSection
	GlobalSection(NestedProjects) = preSolution
		{32223BE8-3E78-489C-92ED-7900B26DFF43} = {356BDB31-853E-43BB-8F9A-D8AC08F69EBB}
		{32CE1CB1-B7D9-416F-8EFE-6A0055867537} = {356BDB31-853E-43BB-8F9A-D8AC08F69EBB}
		{73226E13-1701-424E-A4F2-3E4D575A1DD0} = {356BDB31-853E-43BB-8F9A-D8AC08F69EBB}
		{6A2BA6F7-3399-4890-9453-2D5BE8EEBBA9} = {356BDB31-853E-43BB-8F9A-D8AC08F69EBB}
		{3F5558BD-7B94-4CB0-A46C-A7252B5BCA17} = {356BDB31-853E-43BB-8F9A-D8AC08F69EBB}
		{BA9D2748-1342-41A3-87F2-343E82D99813} = {356BDB31-853E-43BB-8F9A-D8AC08F69EBB}
		{30B8883F-A0A2-4256-ADCF-A790525D3696} = {356BDB31-853E-43BB-8F9A-D8AC08F69EBB}
		{22516193-DE4E-49E3-AFC8-4474D8297C18} = {356BDB31-853E-43BB-8F9A-D8AC08F69EBB}
		{C0D817F3-9B8E-48D2-A34E-9FDC426CBAC6} = {356BDB31-853E-43BB-8F9A-D8AC08F69EBB}
		{A046FE3C-7C58-4421-A321-808407120FAC} = {356BDB31-853E-43BB-8F9A-D8AC08F69EBB}
		{E16E2B11-5BE9-4CA8-9EAC-043EB26B7AB3} = {356BDB31-853E-43BB-8F9A-D8AC08F69EBB}
		{3BC0BDD7-9843-4305-A785-1F22A31FE872} = {B26E932E-3EEB-41A4-9EDF-B02CAFA43DF4}
	EndGlobalSection
	GlobalSection(ExtensibilityGlobals) = postSolution
		SolutionGuid = {0D937D9E-E04B-4A68-B639-D4260473A388}
	EndGlobalSection
EndGlobal
